// !$*UTF8*$!
{
	archiveVersion = 1;
	classes = {
	};
	objectVersion = 50;
	objects = {

/* Begin PBXBuildFile section */
		B33189132A3998E200C3B001 /* AppDelegate.swift in Sources */ = {isa = PBXBuildFile; fileRef = B33189122A3998E200C3B001 /* AppDelegate.swift */; };
		B33189152A3998E200C3B001 /* SceneDelegate.swift in Sources */ = {isa = PBXBuildFile; fileRef = B33189142A3998E200C3B001 /* SceneDelegate.swift */; };
		B33189172A3998E200C3B001 /* ViewController.swift in Sources */ = {isa = PBXBuildFile; fileRef = B33189162A3998E200C3B001 /* ViewController.swift */; };
		B331891A2A3998E200C3B001 /* Main.storyboard in Resources */ = {isa = PBXBuildFile; fileRef = B33189182A3998E200C3B001 /* Main.storyboard */; };
		B331891C2A3998E400C3B001 /* Assets.xcassets in Resources */ = {isa = PBXBuildFile; fileRef = B331891B2A3998E400C3B001 /* Assets.xcassets */; };
		B331891F2A3998E400C3B001 /* LaunchScreen.storyboard in Resources */ = {isa = PBXBuildFile; fileRef = B331891D2A3998E400C3B001 /* LaunchScreen.storyboard */; };
		B331892A2A3998E500C3B001 /* TrivaAppTests.swift in Sources */ = {isa = PBXBuildFile; fileRef = B33189292A3998E500C3B001 /* TrivaAppTests.swift */; };
		B33189352A3998E500C3B001 /* TrivaAppUITests.swift in Sources */ = {isa = PBXBuildFile; fileRef = B33189342A3998E500C3B001 /* TrivaAppUITests.swift */; };
/* End PBXBuildFile section */

/* Begin PBXContainerItemProxy section */
		B33189262A3998E500C3B001 /* PBXContainerItemProxy */ = {
			isa = PBXContainerItemProxy;
			containerPortal = B33189072A3998E200C3B001 /* Project object */;
			proxyType = 1;
			remoteGlobalIDString = B331890E2A3998E200C3B001;
			remoteInfo = TrivaApp;
		};
		B33189312A3998E500C3B001 /* PBXContainerItemProxy */ = {
			isa = PBXContainerItemProxy;
			containerPortal = B33189072A3998E200C3B001 /* Project object */;
			proxyType = 1;
			remoteGlobalIDString = B331890E2A3998E200C3B001;
			remoteInfo = TrivaApp;
		};
/* End PBXContainerItemProxy section */

/* Begin PBXFileReference section */
		B331890F2A3998E200C3B001 /* TrivaApp.app */ = {isa = PBXFileReference; explicitFileType = wrapper.application; includeInIndex = 0; path = TrivaApp.app; sourceTree = BUILT_PRODUCTS_DIR; };
		B33189122A3998E200C3B001 /* AppDelegate.swift */ = {isa = PBXFileReference; lastKnownFileType = sourcecode.swift; path = AppDelegate.swift; sourceTree = "<group>"; };
		B33189142A3998E200C3B001 /* SceneDelegate.swift */ = {isa = PBXFileReference; lastKnownFileType = sourcecode.swift; path = SceneDelegate.swift; sourceTree = "<group>"; };
		B33189162A3998E200C3B001 /* ViewController.swift */ = {isa = PBXFileReference; lastKnownFileType = sourcecode.swift; path = ViewController.swift; sourceTree = "<group>"; };
		B33189192A3998E200C3B001 /* Base */ = {isa = PBXFileReference; lastKnownFileType = file.storyboard; name = Base; path = Base.lproj/Main.storyboard; sourceTree = "<group>"; };
		B331891B2A3998E400C3B001 /* Assets.xcassets */ = {isa = PBXFileReference; lastKnownFileType = folder.assetcatalog; path = Assets.xcassets; sourceTree = "<group>"; };
		B331891E2A3998E400C3B001 /* Base */ = {isa = PBXFileReference; lastKnownFileType = file.storyboard; name = Base; path = Base.lproj/LaunchScreen.storyboard; sourceTree = "<group>"; };
		B33189202A3998E400C3B001 /* Info.plist */ = {isa = PBXFileReference; lastKnownFileType = text.plist.xml; path = Info.plist; sourceTree = "<group>"; };
		B33189252A3998E500C3B001 /* TrivaAppTests.xctest */ = {isa = PBXFileReference; explicitFileType = wrapper.cfbundle; includeInIndex = 0; path = TrivaAppTests.xctest; sourceTree = BUILT_PRODUCTS_DIR; };
		B33189292A3998E500C3B001 /* TrivaAppTests.swift */ = {isa = PBXFileReference; lastKnownFileType = sourcecode.swift; path = TrivaAppTests.swift; sourceTree = "<group>"; };
		B331892B2A3998E500C3B001 /* Info.plist */ = {isa = PBXFileReference; lastKnownFileType = text.plist.xml; path = Info.plist; sourceTree = "<group>"; };
		B33189302A3998E500C3B001 /* TrivaAppUITests.xctest */ = {isa = PBXFileReference; explicitFileType = wrapper.cfbundle; includeInIndex = 0; path = TrivaAppUITests.xctest; sourceTree = BUILT_PRODUCTS_DIR; };
		B33189342A3998E500C3B001 /* TrivaAppUITests.swift */ = {isa = PBXFileReference; lastKnownFileType = sourcecode.swift; path = TrivaAppUITests.swift; sourceTree = "<group>"; };
		B33189362A3998E500C3B001 /* Info.plist */ = {isa = PBXFileReference; lastKnownFileType = text.plist.xml; path = Info.plist; sourceTree = "<group>"; };
/* End PBXFileReference section */

/* Begin PBXFrameworksBuildPhase section */
		B331890C2A3998E200C3B001 /* Frameworks */ = {
			isa = PBXFrameworksBuildPhase;
			buildActionMask = 2147483647;
			files = (
			);
			runOnlyForDeploymentPostprocessing = 0;
		};
		B33189222A3998E500C3B001 /* Frameworks */ = {
			isa = PBXFrameworksBuildPhase;
			buildActionMask = 2147483647;
			files = (
			);
			runOnlyForDeploymentPostprocessing = 0;
		};
		B331892D2A3998E500C3B001 /* Frameworks */ = {
			isa = PBXFrameworksBuildPhase;
			buildActionMask = 2147483647;
			files = (
			);
			runOnlyForDeploymentPostprocessing = 0;
		};
/* End PBXFrameworksBuildPhase section */

/* Begin PBXGroup section */
		B33189062A3998E200C3B001 = {
			isa = PBXGroup;
			children = (
				B33189112A3998E200C3B001 /* TrivaApp */,
				B33189282A3998E500C3B001 /* TrivaAppTests */,
				B33189332A3998E500C3B001 /* TrivaAppUITests */,
				B33189102A3998E200C3B001 /* Products */,
			);
			sourceTree = "<group>";
		};
		B33189102A3998E200C3B001 /* Products */ = {
			isa = PBXGroup;
			children = (
				B331890F2A3998E200C3B001 /* TrivaApp.app */,
				B33189252A3998E500C3B001 /* TrivaAppTests.xctest */,
				B33189302A3998E500C3B001 /* TrivaAppUITests.xctest */,
			);
			name = Products;
			sourceTree = "<group>";
		};
		B33189112A3998E200C3B001 /* TrivaApp */ = {
			isa = PBXGroup;
			children = (
				B33189122A3998E200C3B001 /* AppDelegate.swift */,
				B33189142A3998E200C3B001 /* SceneDelegate.swift */,
				B33189162A3998E200C3B001 /* ViewController.swift */,
				B33189182A3998E200C3B001 /* Main.storyboard */,
				B331891B2A3998E400C3B001 /* Assets.xcassets */,
				B331891D2A3998E400C3B001 /* LaunchScreen.storyboard */,
				B33189202A3998E400C3B001 /* Info.plist */,
			);
			path = TrivaApp;
			sourceTree = "<group>";
		};
		B33189282A3998E500C3B001 /* TrivaAppTests */ = {
			isa = PBXGroup;
			children = (
				B33189292A3998E500C3B001 /* TrivaAppTests.swift */,
				B331892B2A3998E500C3B001 /* Info.plist */,
			);
			path = TrivaAppTests;
			sourceTree = "<group>";
		};
		B33189332A3998E500C3B001 /* TrivaAppUITests */ = {
			isa = PBXGroup;
			children = (
				B33189342A3998E500C3B001 /* TrivaAppUITests.swift */,
				B33189362A3998E500C3B001 /* Info.plist */,
			);
			path = TrivaAppUITests;
			sourceTree = "<group>";
		};
/* End PBXGroup section */

/* Begin PBXNativeTarget section */
		B331890E2A3998E200C3B001 /* TrivaApp */ = {
			isa = PBXNativeTarget;
			buildConfigurationList = B33189392A3998E500C3B001 /* Build configuration list for PBXNativeTarget "TrivaApp" */;
			buildPhases = (
				B331890B2A3998E200C3B001 /* Sources */,
				B331890C2A3998E200C3B001 /* Frameworks */,
				B331890D2A3998E200C3B001 /* Resources */,
			);
			buildRules = (
			);
			dependencies = (
			);
			name = TrivaApp;
			productName = TrivaApp;
			productReference = B331890F2A3998E200C3B001 /* TrivaApp.app */;
			productType = "com.apple.product-type.application";
		};
		B33189242A3998E500C3B001 /* TrivaAppTests */ = {
			isa = PBXNativeTarget;
			buildConfigurationList = B331893C2A3998E500C3B001 /* Build configuration list for PBXNativeTarget "TrivaAppTests" */;
			buildPhases = (
				B33189212A3998E500C3B001 /* Sources */,
				B33189222A3998E500C3B001 /* Frameworks */,
				B33189232A3998E500C3B001 /* Resources */,
			);
			buildRules = (
			);
			dependencies = (
				B33189272A3998E500C3B001 /* PBXTargetDependency */,
			);
			name = TrivaAppTests;
			productName = TrivaAppTests;
			productReference = B33189252A3998E500C3B001 /* TrivaAppTests.xctest */;
			productType = "com.apple.product-type.bundle.unit-test";
		};
		B331892F2A3998E500C3B001 /* TrivaAppUITests */ = {
			isa = PBXNativeTarget;
			buildConfigurationList = B331893F2A3998E500C3B001 /* Build configuration list for PBXNativeTarget "TrivaAppUITests" */;
			buildPhases = (
				B331892C2A3998E500C3B001 /* Sources */,
				B331892D2A3998E500C3B001 /* Frameworks */,
				B331892E2A3998E500C3B001 /* Resources */,
			);
			buildRules = (
			);
			dependencies = (
				B33189322A3998E500C3B001 /* PBXTargetDependency */,
			);
			name = TrivaAppUITests;
			productName = TrivaAppUITests;
			productReference = B33189302A3998E500C3B001 /* TrivaAppUITests.xctest */;
			productType = "com.apple.product-type.bundle.ui-testing";
		};
/* End PBXNativeTarget section */

/* Begin PBXProject section */
		B33189072A3998E200C3B001 /* Project object */ = {
			isa = PBXProject;
			attributes = {
				LastSwiftUpdateCheck = 1240;
				LastUpgradeCheck = 1240;
				TargetAttributes = {
					B331890E2A3998E200C3B001 = {
						CreatedOnToolsVersion = 12.4;
					};
					B33189242A3998E500C3B001 = {
						CreatedOnToolsVersion = 12.4;
						TestTargetID = B331890E2A3998E200C3B001;
					};
					B331892F2A3998E500C3B001 = {
						CreatedOnToolsVersion = 12.4;
						TestTargetID = B331890E2A3998E200C3B001;
					};
				};
			};
			buildConfigurationList = B331890A2A3998E200C3B001 /* Build configuration list for PBXProject "TrivaApp" */;
			compatibilityVersion = "Xcode 9.3";
			developmentRegion = en;
			hasScannedForEncodings = 0;
			knownRegions = (
				en,
				Base,
			);
			mainGroup = B33189062A3998E200C3B001;
			productRefGroup = B33189102A3998E200C3B001 /* Products */;
			projectDirPath = "";
			projectRoot = "";
			targets = (
				B331890E2A3998E200C3B001 /* TrivaApp */,
				B33189242A3998E500C3B001 /* TrivaAppTests */,
				B331892F2A3998E500C3B001 /* TrivaAppUITests */,
			);
		};
/* End PBXProject section */

/* Begin PBXResourcesBuildPhase section */
		B331890D2A3998E200C3B001 /* Resources */ = {
			isa = PBXResourcesBuildPhase;
			buildActionMask = 2147483647;
			files = (
				B331891F2A3998E400C3B001 /* LaunchScreen.storyboard in Resources */,
				B331891C2A3998E400C3B001 /* Assets.xcassets in Resources */,
				B331891A2A3998E200C3B001 /* Main.storyboard in Resources */,
			);
			runOnlyForDeploymentPostprocessing = 0;
		};
		B33189232A3998E500C3B001 /* Resources */ = {
			isa = PBXResourcesBuildPhase;
			buildActionMask = 2147483647;
			files = (
			);
			runOnlyForDeploymentPostprocessing = 0;
		};
		B331892E2A3998E500C3B001 /* Resources */ = {
			isa = PBXResourcesBuildPhase;
			buildActionMask = 2147483647;
			files = (
			);
			runOnlyForDeploymentPostprocessing = 0;
		};
/* End PBXResourcesBuildPhase section */

/* Begin PBXSourcesBuildPhase section */
		B331890B2A3998E200C3B001 /* Sources */ = {
			isa = PBXSourcesBuildPhase;
			buildActionMask = 2147483647;
			files = (
				B33189172A3998E200C3B001 /* ViewController.swift in Sources */,
				B33189132A3998E200C3B001 /* AppDelegate.swift in Sources */,
				B33189152A3998E200C3B001 /* SceneDelegate.swift in Sources */,
			);
			runOnlyForDeploymentPostprocessing = 0;
		};
		B33189212A3998E500C3B001 /* Sources */ = {
			isa = PBXSourcesBuildPhase;
			buildActionMask = 2147483647;
			files = (
				B331892A2A3998E500C3B001 /* TrivaAppTests.swift in Sources */,
			);
			runOnlyForDeploymentPostprocessing = 0;
		};
		B331892C2A3998E500C3B001 /* Sources */ = {
			isa = PBXSourcesBuildPhase;
			buildActionMask = 2147483647;
			files = (
				B33189352A3998E500C3B001 /* TrivaAppUITests.swift in Sources */,
			);
			runOnlyForDeploymentPostprocessing = 0;
		};
/* End PBXSourcesBuildPhase section */

/* Begin PBXTargetDependency section */
		B33189272A3998E500C3B001 /* PBXTargetDependency */ = {
			isa = PBXTargetDependency;
			target = B331890E2A3998E200C3B001 /* TrivaApp */;
			targetProxy = B33189262A3998E500C3B001 /* PBXContainerItemProxy */;
		};
		B33189322A3998E500C3B001 /* PBXTargetDependency */ = {
			isa = PBXTargetDependency;
			target = B331890E2A3998E200C3B001 /* TrivaApp */;
			targetProxy = B33189312A3998E500C3B001 /* PBXContainerItemProxy */;
		};
/* End PBXTargetDependency section */

/* Begin PBXVariantGroup section */
		B33189182A3998E200C3B001 /* Main.storyboard */ = {
			isa = PBXVariantGroup;
			children = (
				B33189192A3998E200C3B001 /* Base */,
			);
			name = Main.storyboard;
			sourceTree = "<group>";
		};
		B331891D2A3998E400C3B001 /* LaunchScreen.storyboard */ = {
			isa = PBXVariantGroup;
			children = (
				B331891E2A3998E400C3B001 /* Base */,
			);
			name = LaunchScreen.storyboard;
			sourceTree = "<group>";
		};
/* End PBXVariantGroup section */

/* Begin XCBuildConfiguration section */
		B33189372A3998E500C3B001 /* Debug */ = {
			isa = XCBuildConfiguration;
			buildSettings = {
				ALWAYS_SEARCH_USER_PATHS = NO;
				CLANG_ANALYZER_NONNULL = YES;
				CLANG_ANALYZER_NUMBER_OBJECT_CONVERSION = YES_AGGRESSIVE;
				CLANG_CXX_LANGUAGE_STANDARD = "gnu++14";
				CLANG_CXX_LIBRARY = "libc++";
				CLANG_ENABLE_MODULES = YES;
				CLANG_ENABLE_OBJC_ARC = YES;
				CLANG_ENABLE_OBJC_WEAK = YES;
				CLANG_WARN_BLOCK_CAPTURE_AUTORELEASING = YES;
				CLANG_WARN_BOOL_CONVERSION = YES;
				CLANG_WARN_COMMA = YES;
				CLANG_WARN_CONSTANT_CONVERSION = YES;
				CLANG_WARN_DEPRECATED_OBJC_IMPLEMENTATIONS = YES;
				CLANG_WARN_DIRECT_OBJC_ISA_USAGE = YES_ERROR;
				CLANG_WARN_DOCUMENTATION_COMMENTS = YES;
				CLANG_WARN_EMPTY_BODY = YES;
				CLANG_WARN_ENUM_CONVERSION = YES;
				CLANG_WARN_INFINITE_RECURSION = YES;
				CLANG_WARN_INT_CONVERSION = YES;
				CLANG_WARN_NON_LITERAL_NULL_CONVERSION = YES;
				CLANG_WARN_OBJC_IMPLICIT_RETAIN_SELF = YES;
				CLANG_WARN_OBJC_LITERAL_CONVERSION = YES;
				CLANG_WARN_OBJC_ROOT_CLASS = YES_ERROR;
				CLANG_WARN_QUOTED_INCLUDE_IN_FRAMEWORK_HEADER = YES;
				CLANG_WARN_RANGE_LOOP_ANALYSIS = YES;
				CLANG_WARN_STRICT_PROTOTYPES = YES;
				CLANG_WARN_SUSPICIOUS_MOVE = YES;
				CLANG_WARN_UNGUARDED_AVAILABILITY = YES_AGGRESSIVE;
				CLANG_WARN_UNREACHABLE_CODE = YES;
				CLANG_WARN__DUPLICATE_METHOD_MATCH = YES;
				COPY_PHASE_STRIP = NO;
				DEBUG_INFORMATION_FORMAT = dwarf;
				ENABLE_STRICT_OBJC_MSGSEND = YES;
				ENABLE_TESTABILITY = YES;
				GCC_C_LANGUAGE_STANDARD = gnu11;
				GCC_DYNAMIC_NO_PIC = NO;
				GCC_NO_COMMON_BLOCKS = YES;
				GCC_OPTIMIZATION_LEVEL = 0;
				GCC_PREPROCESSOR_DEFINITIONS = (
					"DEBUG=1",
					"$(inherited)",
				);
				GCC_WARN_64_TO_32_BIT_CONVERSION = YES;
				GCC_WARN_ABOUT_RETURN_TYPE = YES_ERROR;
				GCC_WARN_UNDECLARED_SELECTOR = YES;
				GCC_WARN_UNINITIALIZED_AUTOS = YES_AGGRESSIVE;
				GCC_WARN_UNUSED_FUNCTION = YES;
				GCC_WARN_UNUSED_VARIABLE = YES;
				IPHONEOS_DEPLOYMENT_TARGET = 14.4;
				MTL_ENABLE_DEBUG_INFO = INCLUDE_SOURCE;
				MTL_FAST_MATH = YES;
				ONLY_ACTIVE_ARCH = YES;
				SDKROOT = iphoneos;
				SWIFT_ACTIVE_COMPILATION_CONDITIONS = DEBUG;
				SWIFT_OPTIMIZATION_LEVEL = "-Onone";
			};
			name = Debug;
		};
		B33189382A3998E500C3B001 /* Release */ = {
			isa = XCBuildConfiguration;
			buildSettings = {
				ALWAYS_SEARCH_USER_PATHS = NO;
				CLANG_ANALYZER_NONNULL = YES;
				CLANG_ANALYZER_NUMBER_OBJECT_CONVERSION = YES_AGGRESSIVE;
				CLANG_CXX_LANGUAGE_STANDARD = "gnu++14";
				CLANG_CXX_LIBRARY = "libc++";
				CLANG_ENABLE_MODULES = YES;
				CLANG_ENABLE_OBJC_ARC = YES;
				CLANG_ENABLE_OBJC_WEAK = YES;
				CLANG_WARN_BLOCK_CAPTURE_AUTORELEASING = YES;
				CLANG_WARN_BOOL_CONVERSION = YES;
				CLANG_WARN_COMMA = YES;
				CLANG_WARN_CONSTANT_CONVERSION = YES;
				CLANG_WARN_DEPRECATED_OBJC_IMPLEMENTATIONS = YES;
				CLANG_WARN_DIRECT_OBJC_ISA_USAGE = YES_ERROR;
				CLANG_WARN_DOCUMENTATION_COMMENTS = YES;
				CLANG_WARN_EMPTY_BODY = YES;
				CLANG_WARN_ENUM_CONVERSION = YES;
				CLANG_WARN_INFINITE_RECURSION = YES;
				CLANG_WARN_INT_CONVERSION = YES;
				CLANG_WARN_NON_LITERAL_NULL_CONVERSION = YES;
				CLANG_WARN_OBJC_IMPLICIT_RETAIN_SELF = YES;
				CLANG_WARN_OBJC_LITERAL_CONVERSION = YES;
				CLANG_WARN_OBJC_ROOT_CLASS = YES_ERROR;
				CLANG_WARN_QUOTED_INCLUDE_IN_FRAMEWORK_HEADER = YES;
				CLANG_WARN_RANGE_LOOP_ANALYSIS = YES;
				CLANG_WARN_STRICT_PROTOTYPES = YES;
				CLANG_WARN_SUSPICIOUS_MOVE = YES;
				CLANG_WARN_UNGUARDED_AVAILABILITY = YES_AGGRESSIVE;
				CLANG_WARN_UNREACHABLE_CODE = YES;
				CLANG_WARN__DUPLICATE_METHOD_MATCH = YES;
				COPY_PHASE_STRIP = NO;
				DEBUG_INFORMATION_FORMAT = "dwarf-with-dsym";
				ENABLE_NS_ASSERTIONS = NO;
				ENABLE_STRICT_OBJC_MSGSEND = YES;
				GCC_C_LANGUAGE_STANDARD = gnu11;
				GCC_NO_COMMON_BLOCKS = YES;
				GCC_WARN_64_TO_32_BIT_CONVERSION = YES;
				GCC_WARN_ABOUT_RETURN_TYPE = YES_ERROR;
				GCC_WARN_UNDECLARED_SELECTOR = YES;
				GCC_WARN_UNINITIALIZED_AUTOS = YES_AGGRESSIVE;
				GCC_WARN_UNUSED_FUNCTION = YES;
				GCC_WARN_UNUSED_VARIABLE = YES;
				IPHONEOS_DEPLOYMENT_TARGET = 14.4;
				MTL_ENABLE_DEBUG_INFO = NO;
				MTL_FAST_MATH = YES;
				SDKROOT = iphoneos;
				SWIFT_COMPILATION_MODE = wholemodule;
				SWIFT_OPTIMIZATION_LEVEL = "-O";
				VALIDATE_PRODUCT = YES;
			};
			name = Release;
		};
		B331893A2A3998E500C3B001 /* Debug */ = {
			isa = XCBuildConfiguration;
			buildSettings = {
				ASSETCATALOG_COMPILER_APPICON_NAME = AppIcon;
				ASSETCATALOG_COMPILER_GLOBAL_ACCENT_COLOR_NAME = AccentColor;
				CODE_SIGN_STYLE = Automatic;
				INFOPLIST_FILE = TrivaApp/Info.plist;
				LD_RUNPATH_SEARCH_PATHS = (
					"$(inherited)",
					"@executable_path/Frameworks",
				);
				PRODUCT_BUNDLE_IDENTIFIER = Agicent.TrivaApp;
				PRODUCT_NAME = "$(TARGET_NAME)";
				SWIFT_VERSION = 5.0;
				TARGETED_DEVICE_FAMILY = "1,2";
			};
			name = Debug;
		};
		B331893B2A3998E500C3B001 /* Release */ = {
			isa = XCBuildConfiguration;
			buildSettings = {
				ASSETCATALOG_COMPILER_APPICON_NAME = AppIcon;
				ASSETCATALOG_COMPILER_GLOBAL_ACCENT_COLOR_NAME = AccentColor;
				CODE_SIGN_STYLE = Automatic;
				INFOPLIST_FILE = TrivaApp/Info.plist;
				LD_RUNPATH_SEARCH_PATHS = (
					"$(inherited)",
					"@executable_path/Frameworks",
				);
				PRODUCT_BUNDLE_IDENTIFIER = Agicent.TrivaApp;
				PRODUCT_NAME = "$(TARGET_NAME)";
				SWIFT_VERSION = 5.0;
				TARGETED_DEVICE_FAMILY = "1,2";
			};
			name = Release;
		};
		B331893D2A3998E500C3B001 /* Debug */ = {
			isa = XCBuildConfiguration;
			buildSettings = {
				ALWAYS_EMBED_SWIFT_STANDARD_LIBRARIES = YES;
				BUNDLE_LOADER = "$(TEST_HOST)";
				CODE_SIGN_STYLE = Automatic;
				INFOPLIST_FILE = TrivaAppTests/Info.plist;
				IPHONEOS_DEPLOYMENT_TARGET = 14.4;
				LD_RUNPATH_SEARCH_PATHS = (
					"$(inherited)",
					"@executable_path/Frameworks",
					"@loader_path/Frameworks",
				);
				PRODUCT_BUNDLE_IDENTIFIER = Agicent.TrivaAppTests;
				PRODUCT_NAME = "$(TARGET_NAME)";
				SWIFT_VERSION = 5.0;
				TARGETED_DEVICE_FAMILY = "1,2";
				TEST_HOST = "$(BUILT_PRODUCTS_DIR)/TrivaApp.app/TrivaApp";
			};
			name = Debug;
		};
		B331893E2A3998E500C3B001 /* Release */ = {
			isa = XCBuildConfiguration;
			buildSettings = {
				ALWAYS_EMBED_SWIFT_STANDARD_LIBRARIES = YES;
				BUNDLE_LOADER = "$(TEST_HOST)";
				CODE_SIGN_STYLE = Automatic;
				INFOPLIST_FILE = TrivaAppTests/Info.plist;
				IPHONEOS_DEPLOYMENT_TARGET = 14.4;
				LD_RUNPATH_SEARCH_PATHS = (
					"$(inherited)",
					"@executable_path/Frameworks",
					"@loader_path/Frameworks",
				);
				PRODUCT_BUNDLE_IDENTIFIER = Agicent.TrivaAppTests;
				PRODUCT_NAME = "$(TARGET_NAME)";
				SWIFT_VERSION = 5.0;
				TARGETED_DEVICE_FAMILY = "1,2";
				TEST_HOST = "$(BUILT_PRODUCTS_DIR)/TrivaApp.app/TrivaApp";
			};
			name = Release;
		};
		B33189402A3998E500C3B001 /* Debug */ = {
			isa = XCBuildConfiguration;
			buildSettings = {
				ALWAYS_EMBED_SWIFT_STANDARD_LIBRARIES = YES;
				CODE_SIGN_STYLE = Automatic;
				INFOPLIST_FILE = TrivaAppUITests/Info.plist;
				LD_RUNPATH_SEARCH_PATHS = (
					"$(inherited)",
					"@executable_path/Frameworks",
					"@loader_path/Frameworks",
				);
				PRODUCT_BUNDLE_IDENTIFIER = Agicent.TrivaAppUITests;
				PRODUCT_NAME = "$(TARGET_NAME)";
				SWIFT_VERSION = 5.0;
				TARGETED_DEVICE_FAMILY = "1,2";
				TEST_TARGET_NAME = TrivaApp;
			};
			name = Debug;
		};
		B33189412A3998E500C3B001 /* Release */ = {
			isa = XCBuildConfiguration;
			buildSettings = {
				ALWAYS_EMBED_SWIFT_STANDARD_LIBRARIES = YES;
				CODE_SIGN_STYLE = Automatic;
				INFOPLIST_FILE = TrivaAppUITests/Info.plist;
				LD_RUNPATH_SEARCH_PATHS = (
					"$(inherited)",
					"@executable_path/Frameworks",
					"@loader_path/Frameworks",
				);
				PRODUCT_BUNDLE_IDENTIFIER = Agicent.TrivaAppUITests;
				PRODUCT_NAME = "$(TARGET_NAME)";
				SWIFT_VERSION = 5.0;
				TARGETED_DEVICE_FAMILY = "1,2";
				TEST_TARGET_NAME = TrivaApp;
			};
			name = Release;
		};
/* End XCBuildConfiguration section */

/* Begin XCConfigurationList section */
		B331890A2A3998E200C3B001 /* Build configuration list for PBXProject "TrivaApp" */ = {
			isa = XCConfigurationList;
			buildConfigurations = (
				B33189372A3998E500C3B001 /* Debug */,
				B33189382A3998E500C3B001 /* Release */,
			);
			defaultConfigurationIsVisible = 0;
			defaultConfigurationName = Release;
		};
		B33189392A3998E500C3B001 /* Build configuration list for PBXNativeTarget "TrivaApp" */ = {
			isa = XCConfigurationList;
			buildConfigurations = (
				B331893A2A3998E500C3B001 /* Debug */,
				B331893B2A3998E500C3B001 /* Release */,
			);
			defaultConfigurationIsVisible = 0;
			defaultConfigurationName = Release;
		};
		B331893C2A3998E500C3B001 /* Build configuration list for PBXNativeTarget "TrivaAppTests" */ = {
			isa = XCConfigurationList;
			buildConfigurations = (
				B331893D2A3998E500C3B001 /* Debug */,
				B331893E2A3998E500C3B001 /* Release */,
			);
			defaultConfigurationIsVisible = 0;
			defaultConfigurationName = Release;
		};
		B331893F2A3998E500C3B001 /* Build configuration list for PBXNativeTarget "TrivaAppUITests" */ = {
			isa = XCConfigurationList;
			buildConfigurations = (
				B33189402A3998E500C3B001 /* Debug */,
				B33189412A3998E500C3B001 /* Release */,
			);
			defaultConfigurationIsVisible = 0;
			defaultConfigurationName = Release;
		};
/* End XCConfigurationList section */
	};
	rootObject = B33189072A3998E200C3B001 /* Project object */;
}
